# This file is autogenerated, do not edit; changes may be undone by the next 'dep ensure'.


[[projects]]
  branch = "master"
  name = "github.com/BurntSushi/toml"
  packages = ["."]
  revision = "99064174e013895bbd9b025c31100bd1d9b590ca"

[[projects]]
  branch = "master"
  name = "github.com/auth0/go-jwt-middleware"
  packages = ["."]
  revision = "5493cabe49f7bfa6e2ec444a09d334d90cd4e2bd"

[[projects]]
  branch = "master"
  name = "github.com/clbanning/mxj"
  packages = [".","j2x"]
  revision = "6752d1ea0ea8cd057b24d9cad2b41f2bbd1dc67a"

[[projects]]
  branch = "master"
  name = "github.com/crgimenes/goConfig"
  packages = [".","goEnv","goFlags","structTag","toml"]
  revision = "fb0795236f2984b0aa81ec3ace4162d8ac26038f"

[[projects]]
  branch = "master"
  name = "github.com/dgrijalva/jwt-go"
  packages = ["."]
  revision = "a539ee1a749a2b895533f979515ac7e6e0f5b650"

[[projects]]
  branch = "master"
  name = "github.com/fatih/color"
  packages = ["."]
  revision = "42c364ba490082e4815b5222728711b3440603eb"

[[projects]]
  branch = "master"
  name = "github.com/fatih/structs"
  packages = ["."]
  revision = "a720dfa8df582c51dee1b36feabb906bde1588bd"

[[projects]]
  branch = "master"
  name = "github.com/fsnotify/fsnotify"
  packages = ["."]
  revision = "a904159b9206978bb6d53fcc7a769e5cd726c737"

[[projects]]
  branch = "master"
  name = "github.com/gorilla/context"
  packages = ["."]
  revision = "08b5f424b9271eedf6f9f0ce86cb9396ed337a42"

[[projects]]
  branch = "master"
  name = "github.com/gorilla/mux"
  packages = ["."]
  revision = "18fca31550181693b3a834a15b74b564b3605876"

[[projects]]
  branch = "master"
  name = "github.com/hashicorp/hcl"
  packages = [".","hcl/ast","hcl/parser","hcl/scanner","hcl/strconv","hcl/token","json/parser","json/scanner","json/token"]
  revision = "372e8ddaa16fd67e371e9323807d056b799360af"

[[projects]]
  branch = "master"
  name = "github.com/imunizeme/config.core"
  packages = ["."]
  revision = "c685f967c94183caf86fb14083be491974f56bef"

[[projects]]
  branch = "master"
  name = "github.com/inconshreveable/mousetrap"
  packages = ["."]
  revision = "76626ae9c91c4f2a10f34cad8ce83ea42c93bb75"

[[projects]]
  branch = "master"
  name = "github.com/jmoiron/sqlx"
  packages = [".","reflectx"]
  revision = "f980a91bdc37abef88269b8f122d7de6352102f5"

[[projects]]
  branch = "master"
  name = "github.com/lib/pq"
  packages = [".","oid"]
  revision = "0477eb88c5ca4009cb281f13c90633375b6a9987"

[[projects]]
  branch = "master"
  name = "github.com/magiconair/properties"
  packages = ["."]
  revision = "b3b15ef068fd0b17ddf408a23669f20811d194d2"

[[projects]]
  branch = "master"
  name = "github.com/mattn/go-colorable"
  packages = ["."]
  revision = "d228849504861217f796da67fae4f6e347643f15"

[[projects]]
  branch = "master"
  name = "github.com/mattn/go-isatty"
  packages = ["."]
  revision = "30a891c33c7cde7b02a981314b4228ec99380cca"

[[projects]]
  branch = "master"
  name = "github.com/mitchellh/mapstructure"
  packages = ["."]
  revision = "db1efb556f84b25a0a13a04aad883943538ad2e0"

[[projects]]
  branch = "master"
  name = "github.com/nuveo/logSys"
  packages = ["."]
  revision = "ac78c1ae02a317ef0329aefb9f8724dd6aa6f08a"

[[projects]]
  branch = "master"
  name = "github.com/nuveo/prest"
  packages = ["adapters/postgres","adapters/postgres/connection","cmd","config","config/middlewares","config/router","controllers","helpers","middlewares","statements","template"]
  revision = "8a05af3b6a339b6214a0aea3664c40953fbc7161"

[[projects]]
  branch = "master"
  name = "github.com/pelletier/go-buffruneio"
  packages = ["."]
  revision = "df1e16fde7fc330a0ca68167c23bf7ed6ac31d6d"

[[projects]]
  branch = "master"
  name = "github.com/pelletier/go-toml"
  packages = ["."]
  revision = "c9506ee96398e7571356462217b9e24d6a628d71"

[[projects]]
  branch = "master"
  name = "github.com/rs/cors"
  packages = ["."]
  revision = "8dd4211afb5d08dbb39a533b9bb9e4b486351df6"

[[projects]]
  branch = "master"
  name = "github.com/spf13/afero"
  packages = [".","mem"]
  revision = "72b31426848c6ef12a7a8e216708cb0d1530f074"

[[projects]]
  branch = "master"
  name = "github.com/spf13/cast"
  packages = ["."]
  revision = "d1139bab1c07d5ad390a65e7305876b3c1a8370b"

[[projects]]
  branch = "master"
  name = "github.com/spf13/cobra"
  packages = ["."]
  revision = "b5d8e8f46a2f829f755b6e33b454e25c61c935e1"

[[projects]]
  branch = "master"
  name = "github.com/spf13/jwalterweatherman"
  packages = ["."]
  revision = "fa7ca7e836cf3a8bb4ebf799f472c12d7e903d66"

[[projects]]
  branch = "master"
  name = "github.com/spf13/pflag"
  packages = ["."]
  revision = "9ff6c6923cfffbcd502984b8e0c80539a94968b7"

[[projects]]
  branch = "master"
  name = "github.com/spf13/viper"
  packages = ["."]
  revision = "5ed0fc31f7f453625df314d8e66b9791e8d13003"

[[projects]]
  branch = "master"
  name = "github.com/urfave/negroni"
  packages = ["."]
  revision = "3019daf414cfd2c51de68c3a535707c0de6e3d83"

[[projects]]
  branch = "master"
  name = "golang.org/x/sys"
  packages = ["unix"]
  revision = "aaabbdc969c3935a2a7f61efac801e7163c73a2a"

[[projects]]
  branch = "master"
  name = "golang.org/x/text"
  packages = ["internal/gen","internal/triegen","internal/ucd","transform","unicode/cldr","unicode/norm"]
  revision = "06d6eba81293389cafdff7fca90d75592194b2d9"

[[projects]]
  name = "gopkg.in/mattes/migrate.v1"
  packages = ["driver","driver/postgres","file","migrate","migrate/direction","pipe"]
  revision = "afc973c4e5a6b746217c2d3950fcd110ed1ba349"
  version = "v1.3.2"

[[projects]]
  branch = "v2"
  name = "gopkg.in/yaml.v2"
  packages = ["."]
  revision = "a3f3340b5840cee44f372bddb5880fcbc419b46a"

[solve-meta]
  analyzer-name = "dep"
  analyzer-version = 1
  inputs-digest = "d7d45ffcb305c7c9502652bf36d714a091f51ccda1cda8de8ce4f8d83774aacf"
  solver-name = "gps-cdcl"
  solver-version = 1
